// !$*UTF8*$!
{
	archiveVersion = 1;
	classes = {
	};
	objectVersion = 51;
	objects = {

/* Begin PBXBuildFile section */
		951C1EF8479C49B1367C0CDF /* Pods_DaTrackerTests.framework in Frameworks */ = {isa = PBXBuildFile; fileRef = 1602EB98372848A2C0D953DC /* Pods_DaTrackerTests.framework */; };
		B8E5650B1471C43930A9912C /* Pods_DaTracker.framework in Frameworks */ = {isa = PBXBuildFile; fileRef = 5154E66DD30B16313DA74008 /* Pods_DaTracker.framework */; };
		BA12CB4D22A50E3E008D7B41 /* LBAudioDetectiveFingerprint.m in Sources */ = {isa = PBXBuildFile; fileRef = BA12CB4722A50E3E008D7B41 /* LBAudioDetectiveFingerprint.m */; };
		BA12CB4E22A50E3E008D7B41 /* LBAudioDetectiveFrame.m in Sources */ = {isa = PBXBuildFile; fileRef = BA12CB4B22A50E3E008D7B41 /* LBAudioDetectiveFrame.m */; };
		BA12CB4F22A50E3E008D7B41 /* LBAudioDetective.m in Sources */ = {isa = PBXBuildFile; fileRef = BA12CB4C22A50E3E008D7B41 /* LBAudioDetective.m */; };
		BA2DB827226FF5C300F88D57 /* MediaRecorderController.swift in Sources */ = {isa = PBXBuildFile; fileRef = BA2DB826226FF5C300F88D57 /* MediaRecorderController.swift */; };
		BA2DB84922704DEF00F88D57 /* String+Binary.swift in Sources */ = {isa = PBXBuildFile; fileRef = BA2DB83922704DEF00F88D57 /* String+Binary.swift */; };
		BA60A61023978CC800EDBCD1 /* QRCodeScannerError.swift in Sources */ = {isa = PBXBuildFile; fileRef = BA60A60E23978CC800EDBCD1 /* QRCodeScannerError.swift */; };
		BA60A61123978CC800EDBCD1 /* QRCodeScannerViewController.swift in Sources */ = {isa = PBXBuildFile; fileRef = BA60A60F23978CC800EDBCD1 /* QRCodeScannerViewController.swift */; };
		BA60A61423978D2400EDBCD1 /* Localization.swift in Sources */ = {isa = PBXBuildFile; fileRef = BA60A61323978D2400EDBCD1 /* Localization.swift */; };
		BA60A61923978D6E00EDBCD1 /* ErrorAlertController.swift in Sources */ = {isa = PBXBuildFile; fileRef = BA60A61623978D6E00EDBCD1 /* ErrorAlertController.swift */; };
		BA60A61A23978D6E00EDBCD1 /* NibView.swift in Sources */ = {isa = PBXBuildFile; fileRef = BA60A61823978D6E00EDBCD1 /* NibView.swift */; };
		BA6315F62164B2E20071DE9F /* sample.mp3 in Resources */ = {isa = PBXBuildFile; fileRef = BA6315F52164B2E20071DE9F /* sample.mp3 */; };
		BAA446C821634DA7008C6FCC /* AppDelegate.swift in Sources */ = {isa = PBXBuildFile; fileRef = BAA446C721634DA7008C6FCC /* AppDelegate.swift */; };
		BAA446CA21634DA7008C6FCC /* TrackerViewController.swift in Sources */ = {isa = PBXBuildFile; fileRef = BAA446C921634DA7008C6FCC /* TrackerViewController.swift */; };
		BAA446CD21634DA7008C6FCC /* Main.storyboard in Resources */ = {isa = PBXBuildFile; fileRef = BAA446CB21634DA7008C6FCC /* Main.storyboard */; };
		BAA446CF21634DA8008C6FCC /* Assets.xcassets in Resources */ = {isa = PBXBuildFile; fileRef = BAA446CE21634DA8008C6FCC /* Assets.xcassets */; };
		BAA446D221634DA8008C6FCC /* LaunchScreen.storyboard in Resources */ = {isa = PBXBuildFile; fileRef = BAA446D021634DA8008C6FCC /* LaunchScreen.storyboard */; };
		BAA446DD21634DA8008C6FCC /* DaTrackerTests.swift in Sources */ = {isa = PBXBuildFile; fileRef = BAA446DC21634DA8008C6FCC /* DaTrackerTests.swift */; };
		BAA446E821634DA8008C6FCC /* DaTrackerUITests.swift in Sources */ = {isa = PBXBuildFile; fileRef = BAA446E721634DA8008C6FCC /* DaTrackerUITests.swift */; };
		BAD6E997226F07B400C5690F /* libchromaprint.a in Frameworks */ = {isa = PBXBuildFile; fileRef = BAD6E994226F07B400C5690F /* libchromaprint.a */; };
		BAD6E998226F07B400C5690F /* Fingerprinter.swift in Sources */ = {isa = PBXBuildFile; fileRef = BAD6E996226F07B400C5690F /* Fingerprinter.swift */; };
		BAD6E9A9226F192E00C5690F /* libc++.tbd in Frameworks */ = {isa = PBXBuildFile; fileRef = BAD6E9A8226F192E00C5690F /* libc++.tbd */; };
		BAD6E9AB226F198500C5690F /* Accelerate.framework in Frameworks */ = {isa = PBXBuildFile; fileRef = BAD6E9AA226F198500C5690F /* Accelerate.framework */; };
		BAD6E9B1226F1B1D00C5690F /* clip_1.mp4 in Resources */ = {isa = PBXBuildFile; fileRef = BAD6E9AD226F1B1D00C5690F /* clip_1.mp4 */; };
		BAD6E9B2226F1B1D00C5690F /* clip_0.mp4 in Resources */ = {isa = PBXBuildFile; fileRef = BAD6E9AE226F1B1D00C5690F /* clip_0.mp4 */; };
		BAD6E9B3226F1B1D00C5690F /* clip_2.mp4 in Resources */ = {isa = PBXBuildFile; fileRef = BAD6E9AF226F1B1D00C5690F /* clip_2.mp4 */; };
		BAD6E9B4226F1B1D00C5690F /* audio.mp4 in Resources */ = {isa = PBXBuildFile; fileRef = BAD6E9B0226F1B1D00C5690F /* audio.mp4 */; };
		BAD7359F216386D40054B7E3 /* AVFoundation.framework in Frameworks */ = {isa = PBXBuildFile; fileRef = BAD7359E216386D40054B7E3 /* AVFoundation.framework */; };
		ED8D2C7DBB0FFEDD7512C4EE /* AVPlayerViewController.swift in Sources */ = {isa = PBXBuildFile; fileRef = ED8D20E77B9464B424A3D04B /* AVPlayerViewController.swift */; };
		FE7B49D46020F4EE2EB10529 /* Pods_DaTrackerUITests.framework in Frameworks */ = {isa = PBXBuildFile; fileRef = 2D3BBAE185E779656FAA1FB4 /* Pods_DaTrackerUITests.framework */; };
/* End PBXBuildFile section */

/* Begin PBXContainerItemProxy section */
		BAA446D921634DA8008C6FCC /* PBXContainerItemProxy */ = {
			isa = PBXContainerItemProxy;
			containerPortal = BAA446BC21634DA7008C6FCC /* Project object */;
			proxyType = 1;
			remoteGlobalIDString = BAA446C321634DA7008C6FCC;
			remoteInfo = DaTracker;
		};
		BAA446E421634DA8008C6FCC /* PBXContainerItemProxy */ = {
			isa = PBXContainerItemProxy;
			containerPortal = BAA446BC21634DA7008C6FCC /* Project object */;
			proxyType = 1;
			remoteGlobalIDString = BAA446C321634DA7008C6FCC;
			remoteInfo = DaTracker;
		};
/* End PBXContainerItemProxy section */

/* Begin PBXFileReference section */
		1602EB98372848A2C0D953DC /* Pods_DaTrackerTests.framework */ = {isa = PBXFileReference; explicitFileType = wrapper.framework; includeInIndex = 0; path = Pods_DaTrackerTests.framework; sourceTree = BUILT_PRODUCTS_DIR; };
		2D3BBAE185E779656FAA1FB4 /* Pods_DaTrackerUITests.framework */ = {isa = PBXFileReference; explicitFileType = wrapper.framework; includeInIndex = 0; path = Pods_DaTrackerUITests.framework; sourceTree = BUILT_PRODUCTS_DIR; };
		5154E66DD30B16313DA74008 /* Pods_DaTracker.framework */ = {isa = PBXFileReference; explicitFileType = wrapper.framework; includeInIndex = 0; path = Pods_DaTracker.framework; sourceTree = BUILT_PRODUCTS_DIR; };
		5FEAF726A3A8D02763B5D947 /* Pods-DaTracker.debug.xcconfig */ = {isa = PBXFileReference; includeInIndex = 1; lastKnownFileType = text.xcconfig; name = "Pods-DaTracker.debug.xcconfig"; path = "Pods/Target Support Files/Pods-DaTracker/Pods-DaTracker.debug.xcconfig"; sourceTree = "<group>"; };
		6E2B0C5A55DA64231AB60C6B /* Pods-DaTrackerUITests.debug.xcconfig */ = {isa = PBXFileReference; includeInIndex = 1; lastKnownFileType = text.xcconfig; name = "Pods-DaTrackerUITests.debug.xcconfig"; path = "Pods/Target Support Files/Pods-DaTrackerUITests/Pods-DaTrackerUITests.debug.xcconfig"; sourceTree = "<group>"; };
		7DE379640659CC2418540B86 /* Pods-DaTracker.release.xcconfig */ = {isa = PBXFileReference; includeInIndex = 1; lastKnownFileType = text.xcconfig; name = "Pods-DaTracker.release.xcconfig"; path = "Pods/Target Support Files/Pods-DaTracker/Pods-DaTracker.release.xcconfig"; sourceTree = "<group>"; };
		7EC1683CFAFB752567DEFC71 /* Pods-DaTrackerTests.release.xcconfig */ = {isa = PBXFileReference; includeInIndex = 1; lastKnownFileType = text.xcconfig; name = "Pods-DaTrackerTests.release.xcconfig"; path = "Pods/Target Support Files/Pods-DaTrackerTests/Pods-DaTrackerTests.release.xcconfig"; sourceTree = "<group>"; };
		BA12CB4722A50E3E008D7B41 /* LBAudioDetectiveFingerprint.m */ = {isa = PBXFileReference; fileEncoding = 4; lastKnownFileType = sourcecode.c.objc; path = LBAudioDetectiveFingerprint.m; sourceTree = "<group>"; };
		BA12CB4822A50E3E008D7B41 /* LBAudioDetectiveFrame.h */ = {isa = PBXFileReference; fileEncoding = 4; lastKnownFileType = sourcecode.c.h; path = LBAudioDetectiveFrame.h; sourceTree = "<group>"; };
		BA12CB4922A50E3E008D7B41 /* LBAudioDetective.h */ = {isa = PBXFileReference; fileEncoding = 4; lastKnownFileType = sourcecode.c.h; path = LBAudioDetective.h; sourceTree = "<group>"; };
		BA12CB4A22A50E3E008D7B41 /* LBAudioDetectiveFingerprint.h */ = {isa = PBXFileReference; fileEncoding = 4; lastKnownFileType = sourcecode.c.h; path = LBAudioDetectiveFingerprint.h; sourceTree = "<group>"; };
		BA12CB4B22A50E3E008D7B41 /* LBAudioDetectiveFrame.m */ = {isa = PBXFileReference; fileEncoding = 4; lastKnownFileType = sourcecode.c.objc; path = LBAudioDetectiveFrame.m; sourceTree = "<group>"; };
		BA12CB4C22A50E3E008D7B41 /* LBAudioDetective.m */ = {isa = PBXFileReference; fileEncoding = 4; lastKnownFileType = sourcecode.c.objc; path = LBAudioDetective.m; sourceTree = "<group>"; };
		BA2DB826226FF5C300F88D57 /* MediaRecorderController.swift */ = {isa = PBXFileReference; fileEncoding = 4; lastKnownFileType = sourcecode.swift; path = MediaRecorderController.swift; sourceTree = "<group>"; };
		BA2DB83922704DEF00F88D57 /* String+Binary.swift */ = {isa = PBXFileReference; fileEncoding = 4; lastKnownFileType = sourcecode.swift; path = "String+Binary.swift"; sourceTree = "<group>"; };
		BA60A60E23978CC800EDBCD1 /* QRCodeScannerError.swift */ = {isa = PBXFileReference; fileEncoding = 4; lastKnownFileType = sourcecode.swift; path = QRCodeScannerError.swift; sourceTree = "<group>"; };
		BA60A60F23978CC800EDBCD1 /* QRCodeScannerViewController.swift */ = {isa = PBXFileReference; fileEncoding = 4; lastKnownFileType = sourcecode.swift; path = QRCodeScannerViewController.swift; sourceTree = "<group>"; };
		BA60A61323978D2400EDBCD1 /* Localization.swift */ = {isa = PBXFileReference; fileEncoding = 4; lastKnownFileType = sourcecode.swift; path = Localization.swift; sourceTree = "<group>"; };
		BA60A61623978D6E00EDBCD1 /* ErrorAlertController.swift */ = {isa = PBXFileReference; fileEncoding = 4; lastKnownFileType = sourcecode.swift; path = ErrorAlertController.swift; sourceTree = "<group>"; };
		BA60A61823978D6E00EDBCD1 /* NibView.swift */ = {isa = PBXFileReference; fileEncoding = 4; lastKnownFileType = sourcecode.swift; path = NibView.swift; sourceTree = "<group>"; };
		BA6315F52164B2E20071DE9F /* sample.mp3 */ = {isa = PBXFileReference; lastKnownFileType = audio.mp3; path = sample.mp3; sourceTree = "<group>"; };
		BAA446C421634DA7008C6FCC /* DaTracker.app */ = {isa = PBXFileReference; explicitFileType = wrapper.application; includeInIndex = 0; path = DaTracker.app; sourceTree = BUILT_PRODUCTS_DIR; };
		BAA446C721634DA7008C6FCC /* AppDelegate.swift */ = {isa = PBXFileReference; lastKnownFileType = sourcecode.swift; path = AppDelegate.swift; sourceTree = "<group>"; };
		BAA446C921634DA7008C6FCC /* TrackerViewController.swift */ = {isa = PBXFileReference; lastKnownFileType = sourcecode.swift; path = TrackerViewController.swift; sourceTree = "<group>"; };
		BAA446CC21634DA7008C6FCC /* Base */ = {isa = PBXFileReference; lastKnownFileType = file.storyboard; name = Base; path = Base.lproj/Main.storyboard; sourceTree = "<group>"; };
		BAA446CE21634DA8008C6FCC /* Assets.xcassets */ = {isa = PBXFileReference; lastKnownFileType = folder.assetcatalog; name = Assets.xcassets; path = ../Assets.xcassets; sourceTree = "<group>"; };
		BAA446D121634DA8008C6FCC /* Base */ = {isa = PBXFileReference; lastKnownFileType = file.storyboard; name = Base; path = Base.lproj/LaunchScreen.storyboard; sourceTree = "<group>"; };
		BAA446D321634DA8008C6FCC /* Info.plist */ = {isa = PBXFileReference; lastKnownFileType = text.plist.xml; path = Info.plist; sourceTree = "<group>"; };
		BAA446D821634DA8008C6FCC /* DaTrackerTests.xctest */ = {isa = PBXFileReference; explicitFileType = wrapper.cfbundle; includeInIndex = 0; path = DaTrackerTests.xctest; sourceTree = BUILT_PRODUCTS_DIR; };
		BAA446DC21634DA8008C6FCC /* DaTrackerTests.swift */ = {isa = PBXFileReference; lastKnownFileType = sourcecode.swift; path = DaTrackerTests.swift; sourceTree = "<group>"; };
		BAA446DE21634DA8008C6FCC /* Info.plist */ = {isa = PBXFileReference; lastKnownFileType = text.plist.xml; path = Info.plist; sourceTree = "<group>"; };
		BAA446E321634DA8008C6FCC /* DaTrackerUITests.xctest */ = {isa = PBXFileReference; explicitFileType = wrapper.cfbundle; includeInIndex = 0; path = DaTrackerUITests.xctest; sourceTree = BUILT_PRODUCTS_DIR; };
		BAA446E721634DA8008C6FCC /* DaTrackerUITests.swift */ = {isa = PBXFileReference; lastKnownFileType = sourcecode.swift; path = DaTrackerUITests.swift; sourceTree = "<group>"; };
		BAA446E921634DA8008C6FCC /* Info.plist */ = {isa = PBXFileReference; lastKnownFileType = text.plist.xml; path = Info.plist; sourceTree = "<group>"; };
		BAD6E994226F07B400C5690F /* libchromaprint.a */ = {isa = PBXFileReference; lastKnownFileType = archive.ar; path = libchromaprint.a; sourceTree = "<group>"; };
		BAD6E995226F07B400C5690F /* chromaprint.h */ = {isa = PBXFileReference; fileEncoding = 4; lastKnownFileType = sourcecode.c.h; path = chromaprint.h; sourceTree = "<group>"; };
		BAD6E996226F07B400C5690F /* Fingerprinter.swift */ = {isa = PBXFileReference; fileEncoding = 4; lastKnownFileType = sourcecode.swift; path = Fingerprinter.swift; sourceTree = "<group>"; };
		BAD6E999226F08B600C5690F /* DaTracker-Bridging-Header.h */ = {isa = PBXFileReference; lastKnownFileType = sourcecode.c.h; path = "DaTracker-Bridging-Header.h"; sourceTree = "<group>"; };
		BAD6E9A8226F192E00C5690F /* libc++.tbd */ = {isa = PBXFileReference; lastKnownFileType = "sourcecode.text-based-dylib-definition"; name = "libc++.tbd"; path = "usr/lib/libc++.tbd"; sourceTree = SDKROOT; };
		BAD6E9AA226F198500C5690F /* Accelerate.framework */ = {isa = PBXFileReference; lastKnownFileType = wrapper.framework; name = Accelerate.framework; path = System/Library/Frameworks/Accelerate.framework; sourceTree = SDKROOT; };
		BAD6E9AD226F1B1D00C5690F /* clip_1.mp4 */ = {isa = PBXFileReference; lastKnownFileType = file; path = clip_1.mp4; sourceTree = "<group>"; };
		BAD6E9AE226F1B1D00C5690F /* clip_0.mp4 */ = {isa = PBXFileReference; lastKnownFileType = file; path = clip_0.mp4; sourceTree = "<group>"; };
		BAD6E9AF226F1B1D00C5690F /* clip_2.mp4 */ = {isa = PBXFileReference; lastKnownFileType = file; path = clip_2.mp4; sourceTree = "<group>"; };
		BAD6E9B0226F1B1D00C5690F /* audio.mp4 */ = {isa = PBXFileReference; lastKnownFileType = file; path = audio.mp4; sourceTree = "<group>"; };
		BAD7359E216386D40054B7E3 /* AVFoundation.framework */ = {isa = PBXFileReference; lastKnownFileType = wrapper.framework; name = AVFoundation.framework; path = System/Library/Frameworks/AVFoundation.framework; sourceTree = SDKROOT; };
		CA1723BDBE354BA8FFEDE6F7 /* Pods-DaTrackerUITests.release.xcconfig */ = {isa = PBXFileReference; includeInIndex = 1; lastKnownFileType = text.xcconfig; name = "Pods-DaTrackerUITests.release.xcconfig"; path = "Pods/Target Support Files/Pods-DaTrackerUITests/Pods-DaTrackerUITests.release.xcconfig"; sourceTree = "<group>"; };
		CBF8FA98092912AC2B1EC79A /* Pods-DaTrackerTests.debug.xcconfig */ = {isa = PBXFileReference; includeInIndex = 1; lastKnownFileType = text.xcconfig; name = "Pods-DaTrackerTests.debug.xcconfig"; path = "Pods/Target Support Files/Pods-DaTrackerTests/Pods-DaTrackerTests.debug.xcconfig"; sourceTree = "<group>"; };
		ED8D20E77B9464B424A3D04B /* AVPlayerViewController.swift */ = {isa = PBXFileReference; fileEncoding = 4; lastKnownFileType = sourcecode.swift; path = AVPlayerViewController.swift; sourceTree = "<group>"; };
/* End PBXFileReference section */

/* Begin PBXFrameworksBuildPhase section */
		BAA446C121634DA7008C6FCC /* Frameworks */ = {
			isa = PBXFrameworksBuildPhase;
			buildActionMask = 2147483647;
			files = (
				BAD6E9AB226F198500C5690F /* Accelerate.framework in Frameworks */,
				BAD6E9A9226F192E00C5690F /* libc++.tbd in Frameworks */,
				BAD7359F216386D40054B7E3 /* AVFoundation.framework in Frameworks */,
				BAD6E997226F07B400C5690F /* libchromaprint.a in Frameworks */,
				B8E5650B1471C43930A9912C /* Pods_DaTracker.framework in Frameworks */,
			);
			runOnlyForDeploymentPostprocessing = 0;
		};
		BAA446D521634DA8008C6FCC /* Frameworks */ = {
			isa = PBXFrameworksBuildPhase;
			buildActionMask = 2147483647;
			files = (
				951C1EF8479C49B1367C0CDF /* Pods_DaTrackerTests.framework in Frameworks */,
			);
			runOnlyForDeploymentPostprocessing = 0;
		};
		BAA446E021634DA8008C6FCC /* Frameworks */ = {
			isa = PBXFrameworksBuildPhase;
			buildActionMask = 2147483647;
			files = (
				FE7B49D46020F4EE2EB10529 /* Pods_DaTrackerUITests.framework in Frameworks */,
			);
			runOnlyForDeploymentPostprocessing = 0;
		};
/* End PBXFrameworksBuildPhase section */

/* Begin PBXGroup section */
		68F8D3A7B5B43CCAD35A798C /* Frameworks */ = {
			isa = PBXGroup;
			children = (
				BA12CB4622A50E3E008D7B41 /* LBAudioDetective */,
				BAD6E993226F07B400C5690F /* ChromaprintLib */,
				BAD7359E216386D40054B7E3 /* AVFoundation.framework */,
				BAD6E9AA226F198500C5690F /* Accelerate.framework */,
				BAD6E9A8226F192E00C5690F /* libc++.tbd */,
				5154E66DD30B16313DA74008 /* Pods_DaTracker.framework */,
				1602EB98372848A2C0D953DC /* Pods_DaTrackerTests.framework */,
				2D3BBAE185E779656FAA1FB4 /* Pods_DaTrackerUITests.framework */,
			);
			name = Frameworks;
			sourceTree = "<group>";
		};
		BA12CB4622A50E3E008D7B41 /* LBAudioDetective */ = {
			isa = PBXGroup;
			children = (
				BA12CB4922A50E3E008D7B41 /* LBAudioDetective.h */,
				BA12CB4C22A50E3E008D7B41 /* LBAudioDetective.m */,
				BA12CB4822A50E3E008D7B41 /* LBAudioDetectiveFrame.h */,
				BA12CB4B22A50E3E008D7B41 /* LBAudioDetectiveFrame.m */,
				BA12CB4A22A50E3E008D7B41 /* LBAudioDetectiveFingerprint.h */,
				BA12CB4722A50E3E008D7B41 /* LBAudioDetectiveFingerprint.m */,
			);
			name = LBAudioDetective;
			path = Frameworks/LBAudioDetective;
			sourceTree = "<group>";
		};
		BA2DB825226FF5AB00F88D57 /* BL */ = {
			isa = PBXGroup;
			children = (
				BA2DB826226FF5C300F88D57 /* MediaRecorderController.swift */,
			);
			path = BL;
			sourceTree = "<group>";
		};
		BA2DB82822704DEF00F88D57 /* Extensions */ = {
			isa = PBXGroup;
			children = (
				BA2DB83622704DEF00F88D57 /* Foundation */,
			);
			path = Extensions;
			sourceTree = "<group>";
		};
		BA2DB83622704DEF00F88D57 /* Foundation */ = {
			isa = PBXGroup;
			children = (
				BA2DB83922704DEF00F88D57 /* String+Binary.swift */,
			);
			path = Foundation;
			sourceTree = "<group>";
		};
		BA60A60B23978C5A00EDBCD1 /* Storyboards */ = {
			isa = PBXGroup;
			children = (
				BAA446CB21634DA7008C6FCC /* Main.storyboard */,
				BAA446D021634DA8008C6FCC /* LaunchScreen.storyboard */,
			);
			path = Storyboards;
			sourceTree = "<group>";
		};
		BA60A60C23978C8F00EDBCD1 /* Classes */ = {
			isa = PBXGroup;
			children = (
				BA60A61223978CFE00EDBCD1 /* Utils */,
				BAA446F521635A15008C6FCC /* UI */,
				BA2DB825226FF5AB00F88D57 /* BL */,
			);
			path = Classes;
			sourceTree = "<group>";
		};
		BA60A60D23978CC800EDBCD1 /* QRCodeScanner */ = {
			isa = PBXGroup;
			children = (
				BA60A60E23978CC800EDBCD1 /* QRCodeScannerError.swift */,
				BA60A60F23978CC800EDBCD1 /* QRCodeScannerViewController.swift */,
			);
			path = QRCodeScanner;
			sourceTree = "<group>";
		};
		BA60A61223978CFE00EDBCD1 /* Utils */ = {
			isa = PBXGroup;
			children = (
				BA60A61323978D2400EDBCD1 /* Localization.swift */,
				BA60A61523978D6E00EDBCD1 /* UI */,
				BA2DB82822704DEF00F88D57 /* Extensions */,
			);
			path = Utils;
			sourceTree = "<group>";
		};
		BA60A61523978D6E00EDBCD1 /* UI */ = {
			isa = PBXGroup;
			children = (
				BA60A61623978D6E00EDBCD1 /* ErrorAlertController.swift */,
				BA60A61723978D6E00EDBCD1 /* Views */,
			);
			path = UI;
			sourceTree = "<group>";
		};
		BA60A61723978D6E00EDBCD1 /* Views */ = {
			isa = PBXGroup;
			children = (
				BA60A61823978D6E00EDBCD1 /* NibView.swift */,
			);
			path = Views;
			sourceTree = "<group>";
		};
		BAA446BB21634DA7008C6FCC = {
			isa = PBXGroup;
			children = (
				BAA446C621634DA7008C6FCC /* DaTracker */,
				BAA446DB21634DA8008C6FCC /* DaTrackerTests */,
				BAA446E621634DA8008C6FCC /* DaTrackerUITests */,
				BAA446C521634DA7008C6FCC /* Products */,
				EE944F44A8A13D549B56DFCE /* Pods */,
				68F8D3A7B5B43CCAD35A798C /* Frameworks */,
			);
			sourceTree = "<group>";
		};
		BAA446C521634DA7008C6FCC /* Products */ = {
			isa = PBXGroup;
			children = (
				BAA446C421634DA7008C6FCC /* DaTracker.app */,
				BAA446D821634DA8008C6FCC /* DaTrackerTests.xctest */,
				BAA446E321634DA8008C6FCC /* DaTrackerUITests.xctest */,
			);
			name = Products;
			sourceTree = "<group>";
		};
		BAA446C621634DA7008C6FCC /* DaTracker */ = {
			isa = PBXGroup;
			children = (
				BA60A60C23978C8F00EDBCD1 /* Classes */,
				ED8D2AE2B5DCF669A1EC1262 /* Resources */,
				BAA446C721634DA7008C6FCC /* AppDelegate.swift */,
				BAA446D321634DA8008C6FCC /* Info.plist */,
				BAD6E999226F08B600C5690F /* DaTracker-Bridging-Header.h */,
			);
			path = DaTracker;
			sourceTree = "<group>";
		};
		BAA446DB21634DA8008C6FCC /* DaTrackerTests */ = {
			isa = PBXGroup;
			children = (
				BAA446DC21634DA8008C6FCC /* DaTrackerTests.swift */,
				BAA446DE21634DA8008C6FCC /* Info.plist */,
			);
			path = DaTrackerTests;
			sourceTree = "<group>";
		};
		BAA446E621634DA8008C6FCC /* DaTrackerUITests */ = {
			isa = PBXGroup;
			children = (
				BAA446E721634DA8008C6FCC /* DaTrackerUITests.swift */,
				BAA446E921634DA8008C6FCC /* Info.plist */,
			);
			path = DaTrackerUITests;
			sourceTree = "<group>";
		};
		BAA446F521635A15008C6FCC /* UI */ = {
			isa = PBXGroup;
			children = (
				BA60A60D23978CC800EDBCD1 /* QRCodeScanner */,
				BAA446C921634DA7008C6FCC /* TrackerViewController.swift */,
				ED8D20E77B9464B424A3D04B /* AVPlayerViewController.swift */,
			);
			path = UI;
			sourceTree = "<group>";
		};
		BAD6E993226F07B400C5690F /* ChromaprintLib */ = {
			isa = PBXGroup;
			children = (
				BAD6E994226F07B400C5690F /* libchromaprint.a */,
				BAD6E995226F07B400C5690F /* chromaprint.h */,
				BAD6E996226F07B400C5690F /* Fingerprinter.swift */,
			);
			name = ChromaprintLib;
			path = Frameworks/ChromaprintLib;
			sourceTree = "<group>";
		};
		BAD6E9AC226F1B1D00C5690F /* audio */ = {
			isa = PBXGroup;
			children = (
				BAD6E9AD226F1B1D00C5690F /* clip_1.mp4 */,
				BAD6E9AE226F1B1D00C5690F /* clip_0.mp4 */,
				BAD6E9AF226F1B1D00C5690F /* clip_2.mp4 */,
			);
			path = audio;
			sourceTree = "<group>";
		};
		ED8D2AE2B5DCF669A1EC1262 /* Resources */ = {
			isa = PBXGroup;
			children = (
				BA60A60B23978C5A00EDBCD1 /* Storyboards */,
				BAD6E9AC226F1B1D00C5690F /* audio */,
				BAD6E9B0226F1B1D00C5690F /* audio.mp4 */,
				BA6315F52164B2E20071DE9F /* sample.mp3 */,
				BAA446CE21634DA8008C6FCC /* Assets.xcassets */,
			);
			path = Resources;
			sourceTree = "<group>";
		};
		EE944F44A8A13D549B56DFCE /* Pods */ = {
			isa = PBXGroup;
			children = (
				5FEAF726A3A8D02763B5D947 /* Pods-DaTracker.debug.xcconfig */,
				7DE379640659CC2418540B86 /* Pods-DaTracker.release.xcconfig */,
				CBF8FA98092912AC2B1EC79A /* Pods-DaTrackerTests.debug.xcconfig */,
				7EC1683CFAFB752567DEFC71 /* Pods-DaTrackerTests.release.xcconfig */,
				6E2B0C5A55DA64231AB60C6B /* Pods-DaTrackerUITests.debug.xcconfig */,
				CA1723BDBE354BA8FFEDE6F7 /* Pods-DaTrackerUITests.release.xcconfig */,
			);
			name = Pods;
			sourceTree = "<group>";
		};
/* End PBXGroup section */

/* Begin PBXNativeTarget section */
		BAA446C321634DA7008C6FCC /* DaTracker */ = {
			isa = PBXNativeTarget;
			buildConfigurationList = BAA446EC21634DA8008C6FCC /* Build configuration list for PBXNativeTarget "DaTracker" */;
			buildPhases = (
				68305A1F7B7907610E543BA8 /* [CP] Check Pods Manifest.lock */,
				BAA446C021634DA7008C6FCC /* Sources */,
				BAA446C121634DA7008C6FCC /* Frameworks */,
				BAA446C221634DA7008C6FCC /* Resources */,
				BE7A87251B57BB747AF517C3 /* [CP] Embed Pods Frameworks */,
			);
			buildRules = (
			);
			dependencies = (
			);
			name = DaTracker;
			productName = DaTracker;
			productReference = BAA446C421634DA7008C6FCC /* DaTracker.app */;
			productType = "com.apple.product-type.application";
		};
		BAA446D721634DA8008C6FCC /* DaTrackerTests */ = {
			isa = PBXNativeTarget;
			buildConfigurationList = BAA446EF21634DA8008C6FCC /* Build configuration list for PBXNativeTarget "DaTrackerTests" */;
			buildPhases = (
				F57FB36C80EFD815AB3C6BBA /* [CP] Check Pods Manifest.lock */,
				BAA446D421634DA8008C6FCC /* Sources */,
				BAA446D521634DA8008C6FCC /* Frameworks */,
				BAA446D621634DA8008C6FCC /* Resources */,
			);
			buildRules = (
			);
			dependencies = (
				BAA446DA21634DA8008C6FCC /* PBXTargetDependency */,
			);
			name = DaTrackerTests;
			productName = DaTrackerTests;
			productReference = BAA446D821634DA8008C6FCC /* DaTrackerTests.xctest */;
			productType = "com.apple.product-type.bundle.unit-test";
		};
		BAA446E221634DA8008C6FCC /* DaTrackerUITests */ = {
			isa = PBXNativeTarget;
			buildConfigurationList = BAA446F221634DA8008C6FCC /* Build configuration list for PBXNativeTarget "DaTrackerUITests" */;
			buildPhases = (
				1BA7CBC88179E77ECDB736A9 /* [CP] Check Pods Manifest.lock */,
				BAA446DF21634DA8008C6FCC /* Sources */,
				BAA446E021634DA8008C6FCC /* Frameworks */,
				BAA446E121634DA8008C6FCC /* Resources */,
			);
			buildRules = (
			);
			dependencies = (
				BAA446E521634DA8008C6FCC /* PBXTargetDependency */,
			);
			name = DaTrackerUITests;
			productName = DaTrackerUITests;
			productReference = BAA446E321634DA8008C6FCC /* DaTrackerUITests.xctest */;
			productType = "com.apple.product-type.bundle.ui-testing";
		};
/* End PBXNativeTarget section */

/* Begin PBXProject section */
		BAA446BC21634DA7008C6FCC /* Project object */ = {
			isa = PBXProject;
			attributes = {
				CLASSPREFIX = "";
				LastSwiftUpdateCheck = 1000;
				LastUpgradeCheck = 1000;
				ORGANIZATIONNAME = "Gaika Group";
				TargetAttributes = {
					BAA446C321634DA7008C6FCC = {
						CreatedOnToolsVersion = 10.0;
					};
					BAA446D721634DA8008C6FCC = {
						CreatedOnToolsVersion = 10.0;
						TestTargetID = BAA446C321634DA7008C6FCC;
					};
					BAA446E221634DA8008C6FCC = {
						CreatedOnToolsVersion = 10.0;
						TestTargetID = BAA446C321634DA7008C6FCC;
					};
				};
			};
			buildConfigurationList = BAA446BF21634DA7008C6FCC /* Build configuration list for PBXProject "DaTracker" */;
			compatibilityVersion = "Xcode 9.3";
			developmentRegion = en;
			hasScannedForEncodings = 0;
			knownRegions = (
				en,
				Base,
			);
			mainGroup = BAA446BB21634DA7008C6FCC;
			productRefGroup = BAA446C521634DA7008C6FCC /* Products */;
			projectDirPath = "";
			projectRoot = "";
			targets = (
				BAA446C321634DA7008C6FCC /* DaTracker */,
				BAA446D721634DA8008C6FCC /* DaTrackerTests */,
				BAA446E221634DA8008C6FCC /* DaTrackerUITests */,
			);
		};
/* End PBXProject section */

/* Begin PBXResourcesBuildPhase section */
		BAA446C221634DA7008C6FCC /* Resources */ = {
			isa = PBXResourcesBuildPhase;
			buildActionMask = 2147483647;
			files = (
				BAD6E9B2226F1B1D00C5690F /* clip_0.mp4 in Resources */,
				BAA446D221634DA8008C6FCC /* LaunchScreen.storyboard in Resources */,
				BAD6E9B4226F1B1D00C5690F /* audio.mp4 in Resources */,
				BAD6E9B3226F1B1D00C5690F /* clip_2.mp4 in Resources */,
				BAA446CF21634DA8008C6FCC /* Assets.xcassets in Resources */,
				BA6315F62164B2E20071DE9F /* sample.mp3 in Resources */,
				BAA446CD21634DA7008C6FCC /* Main.storyboard in Resources */,
				BAD6E9B1226F1B1D00C5690F /* clip_1.mp4 in Resources */,
			);
			runOnlyForDeploymentPostprocessing = 0;
		};
		BAA446D621634DA8008C6FCC /* Resources */ = {
			isa = PBXResourcesBuildPhase;
			buildActionMask = 2147483647;
			files = (
			);
			runOnlyForDeploymentPostprocessing = 0;
		};
		BAA446E121634DA8008C6FCC /* Resources */ = {
			isa = PBXResourcesBuildPhase;
			buildActionMask = 2147483647;
			files = (
			);
			runOnlyForDeploymentPostprocessing = 0;
		};
/* End PBXResourcesBuildPhase section */

/* Begin PBXShellScriptBuildPhase section */
		1BA7CBC88179E77ECDB736A9 /* [CP] Check Pods Manifest.lock */ = {
			isa = PBXShellScriptBuildPhase;
			buildActionMask = 2147483647;
			files = (
			);
			inputFileListPaths = (
			);
			inputPaths = (
				"${PODS_PODFILE_DIR_PATH}/Podfile.lock",
				"${PODS_ROOT}/Manifest.lock",
			);
			name = "[CP] Check Pods Manifest.lock";
			outputFileListPaths = (
			);
			outputPaths = (
				"$(DERIVED_FILE_DIR)/Pods-DaTrackerUITests-checkManifestLockResult.txt",
			);
			runOnlyForDeploymentPostprocessing = 0;
			shellPath = /bin/sh;
			shellScript = "diff \"${PODS_PODFILE_DIR_PATH}/Podfile.lock\" \"${PODS_ROOT}/Manifest.lock\" > /dev/null\nif [ $? != 0 ] ; then\n    # print error to STDERR\n    echo \"error: The sandbox is not in sync with the Podfile.lock. Run 'pod install' or update your CocoaPods installation.\" >&2\n    exit 1\nfi\n# This output is used by Xcode 'outputs' to avoid re-running this script phase.\necho \"SUCCESS\" > \"${SCRIPT_OUTPUT_FILE_0}\"\n";
			showEnvVarsInLog = 0;
		};
		68305A1F7B7907610E543BA8 /* [CP] Check Pods Manifest.lock */ = {
			isa = PBXShellScriptBuildPhase;
			buildActionMask = 2147483647;
			files = (
			);
			inputFileListPaths = (
			);
			inputPaths = (
				"${PODS_PODFILE_DIR_PATH}/Podfile.lock",
				"${PODS_ROOT}/Manifest.lock",
			);
			name = "[CP] Check Pods Manifest.lock";
			outputFileListPaths = (
			);
			outputPaths = (
				"$(DERIVED_FILE_DIR)/Pods-DaTracker-checkManifestLockResult.txt",
			);
			runOnlyForDeploymentPostprocessing = 0;
			shellPath = /bin/sh;
			shellScript = "diff \"${PODS_PODFILE_DIR_PATH}/Podfile.lock\" \"${PODS_ROOT}/Manifest.lock\" > /dev/null\nif [ $? != 0 ] ; then\n    # print error to STDERR\n    echo \"error: The sandbox is not in sync with the Podfile.lock. Run 'pod install' or update your CocoaPods installation.\" >&2\n    exit 1\nfi\n# This output is used by Xcode 'outputs' to avoid re-running this script phase.\necho \"SUCCESS\" > \"${SCRIPT_OUTPUT_FILE_0}\"\n";
			showEnvVarsInLog = 0;
		};
		BE7A87251B57BB747AF517C3 /* [CP] Embed Pods Frameworks */ = {
			isa = PBXShellScriptBuildPhase;
			buildActionMask = 2147483647;
			files = (
			);
			inputFileListPaths = (
				"${PODS_ROOT}/Target Support Files/Pods-DaTracker/Pods-DaTracker-frameworks-${CONFIGURATION}-input-files.xcfilelist",
			);
			name = "[CP] Embed Pods Frameworks";
			outputFileListPaths = (
				"${PODS_ROOT}/Target Support Files/Pods-DaTracker/Pods-DaTracker-frameworks-${CONFIGURATION}-output-files.xcfilelist",
			);
			runOnlyForDeploymentPostprocessing = 0;
			shellPath = /bin/sh;
			shellScript = "\"${PODS_ROOT}/Target Support Files/Pods-DaTracker/Pods-DaTracker-frameworks.sh\"\n";
			showEnvVarsInLog = 0;
		};
		F57FB36C80EFD815AB3C6BBA /* [CP] Check Pods Manifest.lock */ = {
			isa = PBXShellScriptBuildPhase;
			buildActionMask = 2147483647;
			files = (
			);
			inputFileListPaths = (
			);
			inputPaths = (
				"${PODS_PODFILE_DIR_PATH}/Podfile.lock",
				"${PODS_ROOT}/Manifest.lock",
			);
			name = "[CP] Check Pods Manifest.lock";
			outputFileListPaths = (
			);
			outputPaths = (
				"$(DERIVED_FILE_DIR)/Pods-DaTrackerTests-checkManifestLockResult.txt",
			);
			runOnlyForDeploymentPostprocessing = 0;
			shellPath = /bin/sh;
			shellScript = "diff \"${PODS_PODFILE_DIR_PATH}/Podfile.lock\" \"${PODS_ROOT}/Manifest.lock\" > /dev/null\nif [ $? != 0 ] ; then\n    # print error to STDERR\n    echo \"error: The sandbox is not in sync with the Podfile.lock. Run 'pod install' or update your CocoaPods installation.\" >&2\n    exit 1\nfi\n# This output is used by Xcode 'outputs' to avoid re-running this script phase.\necho \"SUCCESS\" > \"${SCRIPT_OUTPUT_FILE_0}\"\n";
			showEnvVarsInLog = 0;
		};
/* End PBXShellScriptBuildPhase section */

/* Begin PBXSourcesBuildPhase section */
		BAA446C021634DA7008C6FCC /* Sources */ = {
			isa = PBXSourcesBuildPhase;
			buildActionMask = 2147483647;
			files = (
				BAA446CA21634DA7008C6FCC /* TrackerViewController.swift in Sources */,
				BA12CB4D22A50E3E008D7B41 /* LBAudioDetectiveFingerprint.m in Sources */,
				BA60A61423978D2400EDBCD1 /* Localization.swift in Sources */,
				BA12CB4E22A50E3E008D7B41 /* LBAudioDetectiveFrame.m in Sources */,
				BA2DB84922704DEF00F88D57 /* String+Binary.swift in Sources */,
				BAD6E998226F07B400C5690F /* Fingerprinter.swift in Sources */,
				BA60A61A23978D6E00EDBCD1 /* NibView.swift in Sources */,
				BA60A61023978CC800EDBCD1 /* QRCodeScannerError.swift in Sources */,
				BA60A61123978CC800EDBCD1 /* QRCodeScannerViewController.swift in Sources */,
				BA2DB827226FF5C300F88D57 /* MediaRecorderController.swift in Sources */,
				BA12CB4F22A50E3E008D7B41 /* LBAudioDetective.m in Sources */,
				BAA446C821634DA7008C6FCC /* AppDelegate.swift in Sources */,
				BA60A61923978D6E00EDBCD1 /* ErrorAlertController.swift in Sources */,
				ED8D2C7DBB0FFEDD7512C4EE /* AVPlayerViewController.swift in Sources */,
			);
			runOnlyForDeploymentPostprocessing = 0;
		};
		BAA446D421634DA8008C6FCC /* Sources */ = {
			isa = PBXSourcesBuildPhase;
			buildActionMask = 2147483647;
			files = (
				BAA446DD21634DA8008C6FCC /* DaTrackerTests.swift in Sources */,
			);
			runOnlyForDeploymentPostprocessing = 0;
		};
		BAA446DF21634DA8008C6FCC /* Sources */ = {
			isa = PBXSourcesBuildPhase;
			buildActionMask = 2147483647;
			files = (
				BAA446E821634DA8008C6FCC /* DaTrackerUITests.swift in Sources */,
			);
			runOnlyForDeploymentPostprocessing = 0;
		};
/* End PBXSourcesBuildPhase section */

/* Begin PBXTargetDependency section */
		BAA446DA21634DA8008C6FCC /* PBXTargetDependency */ = {
			isa = PBXTargetDependency;
			target = BAA446C321634DA7008C6FCC /* DaTracker */;
			targetProxy = BAA446D921634DA8008C6FCC /* PBXContainerItemProxy */;
		};
		BAA446E521634DA8008C6FCC /* PBXTargetDependency */ = {
			isa = PBXTargetDependency;
			target = BAA446C321634DA7008C6FCC /* DaTracker */;
			targetProxy = BAA446E421634DA8008C6FCC /* PBXContainerItemProxy */;
		};
/* End PBXTargetDependency section */

/* Begin PBXVariantGroup section */
		BAA446CB21634DA7008C6FCC /* Main.storyboard */ = {
			isa = PBXVariantGroup;
			children = (
				BAA446CC21634DA7008C6FCC /* Base */,
			);
			name = Main.storyboard;
			sourceTree = "<group>";
		};
		BAA446D021634DA8008C6FCC /* LaunchScreen.storyboard */ = {
			isa = PBXVariantGroup;
			children = (
				BAA446D121634DA8008C6FCC /* Base */,
			);
			name = LaunchScreen.storyboard;
			sourceTree = "<group>";
		};
/* End PBXVariantGroup section */

/* Begin XCBuildConfiguration section */
		BAA446EA21634DA8008C6FCC /* Debug */ = {
			isa = XCBuildConfiguration;
			buildSettings = {
				ALWAYS_SEARCH_USER_PATHS = NO;
				CLANG_ANALYZER_NONNULL = YES;
				CLANG_ANALYZER_NUMBER_OBJECT_CONVERSION = YES_AGGRESSIVE;
				CLANG_CXX_LANGUAGE_STANDARD = "gnu++14";
				CLANG_CXX_LIBRARY = "libc++";
				CLANG_ENABLE_MODULES = YES;
				CLANG_ENABLE_OBJC_ARC = YES;
				CLANG_ENABLE_OBJC_WEAK = YES;
				CLANG_WARN_BLOCK_CAPTURE_AUTORELEASING = YES;
				CLANG_WARN_BOOL_CONVERSION = YES;
				CLANG_WARN_COMMA = YES;
				CLANG_WARN_CONSTANT_CONVERSION = YES;
				CLANG_WARN_DEPRECATED_OBJC_IMPLEMENTATIONS = YES;
				CLANG_WARN_DIRECT_OBJC_ISA_USAGE = YES_ERROR;
				CLANG_WARN_DOCUMENTATION_COMMENTS = YES;
				CLANG_WARN_EMPTY_BODY = YES;
				CLANG_WARN_ENUM_CONVERSION = YES;
				CLANG_WARN_INFINITE_RECURSION = YES;
				CLANG_WARN_INT_CONVERSION = YES;
				CLANG_WARN_NON_LITERAL_NULL_CONVERSION = YES;
				CLANG_WARN_OBJC_IMPLICIT_RETAIN_SELF = YES;
				CLANG_WARN_OBJC_LITERAL_CONVERSION = YES;
				CLANG_WARN_OBJC_ROOT_CLASS = YES_ERROR;
				CLANG_WARN_RANGE_LOOP_ANALYSIS = YES;
				CLANG_WARN_STRICT_PROTOTYPES = YES;
				CLANG_WARN_SUSPICIOUS_MOVE = YES;
				CLANG_WARN_UNGUARDED_AVAILABILITY = YES_AGGRESSIVE;
				CLANG_WARN_UNREACHABLE_CODE = YES;
				CLANG_WARN__DUPLICATE_METHOD_MATCH = YES;
				CODE_SIGN_IDENTITY = "iPhone Developer";
				COPY_PHASE_STRIP = NO;
				DEBUG_INFORMATION_FORMAT = dwarf;
				ENABLE_STRICT_OBJC_MSGSEND = YES;
				ENABLE_TESTABILITY = YES;
				GCC_C_LANGUAGE_STANDARD = gnu11;
				GCC_DYNAMIC_NO_PIC = NO;
				GCC_NO_COMMON_BLOCKS = YES;
				GCC_OPTIMIZATION_LEVEL = 0;
				GCC_PREPROCESSOR_DEFINITIONS = (
					"DEBUG=1",
					"$(inherited)",
				);
				GCC_WARN_64_TO_32_BIT_CONVERSION = YES;
				GCC_WARN_ABOUT_RETURN_TYPE = YES_ERROR;
				GCC_WARN_UNDECLARED_SELECTOR = YES;
				GCC_WARN_UNINITIALIZED_AUTOS = YES_AGGRESSIVE;
				GCC_WARN_UNUSED_FUNCTION = YES;
				GCC_WARN_UNUSED_VARIABLE = YES;
				IPHONEOS_DEPLOYMENT_TARGET = 12.0;
				MTL_ENABLE_DEBUG_INFO = INCLUDE_SOURCE;
				MTL_FAST_MATH = YES;
				ONLY_ACTIVE_ARCH = YES;
				OTHER_LDFLAGS = (
					"$(inherited)",
					"-ObjC",
				);
				SDKROOT = iphoneos;
				SWIFT_ACTIVE_COMPILATION_CONDITIONS = DEBUG;
				SWIFT_OBJC_BRIDGING_HEADER = "DaTracker/DaTracker-Bridging-Header.h";
				SWIFT_OPTIMIZATION_LEVEL = "-Onone";
				VALID_ARCHS = "arm64 arm64e armv7 armv7s";
			};
			name = Debug;
		};
		BAA446EB21634DA8008C6FCC /* Release */ = {
			isa = XCBuildConfiguration;
			buildSettings = {
				ALWAYS_SEARCH_USER_PATHS = NO;
				CLANG_ANALYZER_NONNULL = YES;
				CLANG_ANALYZER_NUMBER_OBJECT_CONVERSION = YES_AGGRESSIVE;
				CLANG_CXX_LANGUAGE_STANDARD = "gnu++14";
				CLANG_CXX_LIBRARY = "libc++";
				CLANG_ENABLE_MODULES = YES;
				CLANG_ENABLE_OBJC_ARC = YES;
				CLANG_ENABLE_OBJC_WEAK = YES;
				CLANG_WARN_BLOCK_CAPTURE_AUTORELEASING = YES;
				CLANG_WARN_BOOL_CONVERSION = YES;
				CLANG_WARN_COMMA = YES;
				CLANG_WARN_CONSTANT_CONVERSION = YES;
				CLANG_WARN_DEPRECATED_OBJC_IMPLEMENTATIONS = YES;
				CLANG_WARN_DIRECT_OBJC_ISA_USAGE = YES_ERROR;
				CLANG_WARN_DOCUMENTATION_COMMENTS = YES;
				CLANG_WARN_EMPTY_BODY = YES;
				CLANG_WARN_ENUM_CONVERSION = YES;
				CLANG_WARN_INFINITE_RECURSION = YES;
				CLANG_WARN_INT_CONVERSION = YES;
				CLANG_WARN_NON_LITERAL_NULL_CONVERSION = YES;
				CLANG_WARN_OBJC_IMPLICIT_RETAIN_SELF = YES;
				CLANG_WARN_OBJC_LITERAL_CONVERSION = YES;
				CLANG_WARN_OBJC_ROOT_CLASS = YES_ERROR;
				CLANG_WARN_RANGE_LOOP_ANALYSIS = YES;
				CLANG_WARN_STRICT_PROTOTYPES = YES;
				CLANG_WARN_SUSPICIOUS_MOVE = YES;
				CLANG_WARN_UNGUARDED_AVAILABILITY = YES_AGGRESSIVE;
				CLANG_WARN_UNREACHABLE_CODE = YES;
				CLANG_WARN__DUPLICATE_METHOD_MATCH = YES;
				CODE_SIGN_IDENTITY = "iPhone Developer";
				COPY_PHASE_STRIP = NO;
				DEBUG_INFORMATION_FORMAT = "dwarf-with-dsym";
				ENABLE_NS_ASSERTIONS = NO;
				ENABLE_STRICT_OBJC_MSGSEND = YES;
				GCC_C_LANGUAGE_STANDARD = gnu11;
				GCC_NO_COMMON_BLOCKS = YES;
				GCC_WARN_64_TO_32_BIT_CONVERSION = YES;
				GCC_WARN_ABOUT_RETURN_TYPE = YES_ERROR;
				GCC_WARN_UNDECLARED_SELECTOR = YES;
				GCC_WARN_UNINITIALIZED_AUTOS = YES_AGGRESSIVE;
				GCC_WARN_UNUSED_FUNCTION = YES;
				GCC_WARN_UNUSED_VARIABLE = YES;
				IPHONEOS_DEPLOYMENT_TARGET = 12.0;
				MTL_ENABLE_DEBUG_INFO = NO;
				MTL_FAST_MATH = YES;
				OTHER_LDFLAGS = (
					"$(inherited)",
					"-ObjC",
				);
				SDKROOT = iphoneos;
				SWIFT_COMPILATION_MODE = wholemodule;
				SWIFT_OBJC_BRIDGING_HEADER = "DaTracker/DaTracker-Bridging-Header.h";
				SWIFT_OPTIMIZATION_LEVEL = "-O";
				VALIDATE_PRODUCT = YES;
				VALID_ARCHS = "arm64 arm64e armv7 armv7s";
			};
			name = Release;
		};
		BAA446ED21634DA8008C6FCC /* Debug */ = {
			isa = XCBuildConfiguration;
			baseConfigurationReference = 5FEAF726A3A8D02763B5D947 /* Pods-DaTracker.debug.xcconfig */;
			buildSettings = {
				ASSETCATALOG_COMPILER_APPICON_NAME = AppIcon;
				CODE_SIGN_STYLE = Automatic;
				DEVELOPMENT_TEAM = T63369DC8B;
				INFOPLIST_FILE = DaTracker/Info.plist;
				IPHONEOS_DEPLOYMENT_TARGET = 10.0;
				LD_RUNPATH_SEARCH_PATHS = (
					"$(inherited)",
					"@executable_path/Frameworks",
				);
				LIBRARY_SEARCH_PATHS = (
					"$(inherited)",
					"$(PROJECT_DIR)/Frameworks/ChromaprintLib",
				);
				OTHER_LDFLAGS = (
					"$(inherited)",
					"-l\"z\"",
					"-framework",
					"\"Zip\"",
					"-ObjC",
				);
				PRODUCT_BUNDLE_IDENTIFIER = com.gaikagroup.DaTracker;
				PRODUCT_NAME = "$(TARGET_NAME)";
				SWIFT_VERSION = 4.2;
				TARGETED_DEVICE_FAMILY = "1,2";
			};
			name = Debug;
		};
		BAA446EE21634DA8008C6FCC /* Release */ = {
			isa = XCBuildConfiguration;
			baseConfigurationReference = 7DE379640659CC2418540B86 /* Pods-DaTracker.release.xcconfig */;
			buildSettings = {
				ASSETCATALOG_COMPILER_APPICON_NAME = AppIcon;
				CODE_SIGN_STYLE = Automatic;
				DEVELOPMENT_TEAM = T63369DC8B;
				INFOPLIST_FILE = DaTracker/Info.plist;
				IPHONEOS_DEPLOYMENT_TARGET = 10.0;
				LD_RUNPATH_SEARCH_PATHS = (
					"$(inherited)",
					"@executable_path/Frameworks",
				);
				LIBRARY_SEARCH_PATHS = (
					"$(inherited)",
					"$(PROJECT_DIR)/Frameworks/ChromaprintLib",
				);
				OTHER_LDFLAGS = (
					"$(inherited)",
					"-l\"z\"",
					"-framework",
					"\"Zip\"",
					"-ObjC",
				);
				PRODUCT_BUNDLE_IDENTIFIER = com.gaikagroup.DaTracker;
				PRODUCT_NAME = "$(TARGET_NAME)";
				SWIFT_VERSION = 4.2;
				TARGETED_DEVICE_FAMILY = "1,2";
			};
			name = Release;
		};
		BAA446F021634DA8008C6FCC /* Debug */ = {
			isa = XCBuildConfiguration;
			baseConfigurationReference = CBF8FA98092912AC2B1EC79A /* Pods-DaTrackerTests.debug.xcconfig */;
			buildSettings = {
				ALWAYS_EMBED_SWIFT_STANDARD_LIBRARIES = YES;
				BUNDLE_LOADER = "$(TEST_HOST)";
				CODE_SIGN_STYLE = Automatic;
				DEVELOPMENT_TEAM = T63369DC8B;
				INFOPLIST_FILE = DaTrackerTests/Info.plist;
				LD_RUNPATH_SEARCH_PATHS = (
					"$(inherited)",
					"@executable_path/Frameworks",
					"@loader_path/Frameworks",
				);
				PRODUCT_BUNDLE_IDENTIFIER = com.gaikagroup.DaTrackerTests;
				PRODUCT_NAME = "$(TARGET_NAME)";
				SWIFT_VERSION = 4.2;
				TARGETED_DEVICE_FAMILY = "1,2";
				TEST_HOST = "$(BUILT_PRODUCTS_DIR)/DaTracker.app/DaTracker";
			};
			name = Debug;
		};
		BAA446F121634DA8008C6FCC /* Release */ = {
			isa = XCBuildConfiguration;
			baseConfigurationReference = 7EC1683CFAFB752567DEFC71 /* Pods-DaTrackerTests.release.xcconfig */;
			buildSettings = {
				ALWAYS_EMBED_SWIFT_STANDARD_LIBRARIES = YES;
				BUNDLE_LOADER = "$(TEST_HOST)";
				CODE_SIGN_STYLE = Automatic;
				DEVELOPMENT_TEAM = T63369DC8B;
				INFOPLIST_FILE = DaTrackerTests/Info.plist;
				LD_RUNPATH_SEARCH_PATHS = (
					"$(inherited)",
					"@executable_path/Frameworks",
					"@loader_path/Frameworks",
				);
				PRODUCT_BUNDLE_IDENTIFIER = com.gaikagroup.DaTrackerTests;
				PRODUCT_NAME = "$(TARGET_NAME)";
				SWIFT_VERSION = 4.2;
				TARGETED_DEVICE_FAMILY = "1,2";
				TEST_HOST = "$(BUILT_PRODUCTS_DIR)/DaTracker.app/DaTracker";
			};
			name = Release;
		};
		BAA446F321634DA8008C6FCC /* Debug */ = {
			isa = XCBuildConfiguration;
			baseConfigurationReference = 6E2B0C5A55DA64231AB60C6B /* Pods-DaTrackerUITests.debug.xcconfig */;
			buildSettings = {
				ALWAYS_EMBED_SWIFT_STANDARD_LIBRARIES = YES;
				CODE_SIGN_STYLE = Automatic;
				DEVELOPMENT_TEAM = T63369DC8B;
				INFOPLIST_FILE = DaTrackerUITests/Info.plist;
				LD_RUNPATH_SEARCH_PATHS = (
					"$(inherited)",
					"@executable_path/Frameworks",
					"@loader_path/Frameworks",
				);
				PRODUCT_BUNDLE_IDENTIFIER = com.gaikagroup.DaTrackerUITests;
				PRODUCT_NAME = "$(TARGET_NAME)";
				SWIFT_VERSION = 4.2;
				TARGETED_DEVICE_FAMILY = "1,2";
				TEST_TARGET_NAME = DaTracker;
			};
			name = Debug;
		};
		BAA446F421634DA8008C6FCC /* Release */ = {
			isa = XCBuildConfiguration;
			baseConfigurationReference = CA1723BDBE354BA8FFEDE6F7 /* Pods-DaTrackerUITests.release.xcconfig */;
			buildSettings = {
				ALWAYS_EMBED_SWIFT_STANDARD_LIBRARIES = YES;
				CODE_SIGN_STYLE = Automatic;
				DEVELOPMENT_TEAM = T63369DC8B;
				INFOPLIST_FILE = DaTrackerUITests/Info.plist;
				LD_RUNPATH_SEARCH_PATHS = (
					"$(inherited)",
					"@executable_path/Frameworks",
					"@loader_path/Frameworks",
				);
				PRODUCT_BUNDLE_IDENTIFIER = com.gaikagroup.DaTrackerUITests;
				PRODUCT_NAME = "$(TARGET_NAME)";
				SWIFT_VERSION = 4.2;
				TARGETED_DEVICE_FAMILY = "1,2";
				TEST_TARGET_NAME = DaTracker;
			};
			name = Release;
		};
/* End XCBuildConfiguration section */

/* Begin XCConfigurationList section */
		BAA446BF21634DA7008C6FCC /* Build configuration list for PBXProject "DaTracker" */ = {
			isa = XCConfigurationList;
			buildConfigurations = (
				BAA446EA21634DA8008C6FCC /* Debug */,
				BAA446EB21634DA8008C6FCC /* Release */,
			);
			defaultConfigurationIsVisible = 0;
			defaultConfigurationName = Release;
		};
		BAA446EC21634DA8008C6FCC /* Build configuration list for PBXNativeTarget "DaTracker" */ = {
			isa = XCConfigurationList;
			buildConfigurations = (
				BAA446ED21634DA8008C6FCC /* Debug */,
				BAA446EE21634DA8008C6FCC /* Release */,
			);
			defaultConfigurationIsVisible = 0;
			defaultConfigurationName = Release;
		};
		BAA446EF21634DA8008C6FCC /* Build configuration list for PBXNativeTarget "DaTrackerTests" */ = {
			isa = XCConfigurationList;
			buildConfigurations = (
				BAA446F021634DA8008C6FCC /* Debug */,
				BAA446F121634DA8008C6FCC /* Release */,
			);
			defaultConfigurationIsVisible = 0;
			defaultConfigurationName = Release;
		};
		BAA446F221634DA8008C6FCC /* Build configuration list for PBXNativeTarget "DaTrackerUITests" */ = {
			isa = XCConfigurationList;
			buildConfigurations = (
				BAA446F321634DA8008C6FCC /* Debug */,
				BAA446F421634DA8008C6FCC /* Release */,
			);
			defaultConfigurationIsVisible = 0;
			defaultConfigurationName = Release;
		};
/* End XCConfigurationList section */
	};
	rootObject = BAA446BC21634DA7008C6FCC /* Project object */;
}
